
Microsoft Visual Studio Solution File, Format Version 12.00
# Visual Studio Version 17
VisualStudioVersion = 17.14.36908.2 d17.14
MinimumVisualStudioVersion = 10.0.40219.1
Project("{8BC9CEB8-8B4A-11D0-8D11-00A0C91BC942}") = "BasicRenderer", "BasicRenderer\BasicRenderer.vcxproj", "{B1F44815-6546-43E6-A7FF-E5622E3A2AE0}"
EndProject
Project("{8BC9CEB8-8B4A-11D0-8D11-00A0C91BC942}") = "QtGUI", "QtGUI\QtGUI.vcxproj", "{08A7234D-5B6D-334E-9401-527E39FEF92E}"
EndProject
Global
	GlobalSection(SolutionConfigurationPlatforms) = preSolution
		Debug|x64 = Debug|x64
		Debug|x86 = Debug|x86
		Release|x64 = Release|x64
		Release|x86 = Release|x86
		RendererOnlyDebug|x64 = RendererOnlyDebug|x64
		RendererOnlyDebug|x86 = RendererOnlyDebug|x86
		RendererOnlyRelease|x64 = RendererOnlyRelease|x64
		RendererOnlyRelease|x86 = RendererOnlyRelease|x86
	EndGlobalSection
	GlobalSection(ProjectConfigurationPlatforms) = postSolution
		{B1F44815-6546-43E6-A7FF-E5622E3A2AE0}.Debug|x64.ActiveCfg = LibDebug|x64
		{B1F44815-6546-43E6-A7FF-E5622E3A2AE0}.Debug|x64.Build.0 = LibDebug|x64
		{B1F44815-6546-43E6-A7FF-E5622E3A2AE0}.Debug|x86.ActiveCfg = Debug|Win32
		{B1F44815-6546-43E6-A7FF-E5622E3A2AE0}.Debug|x86.Build.0 = Debug|Win32
		{B1F44815-6546-43E6-A7FF-E5622E3A2AE0}.Release|x64.ActiveCfg = LibRelease|x64
		{B1F44815-6546-43E6-A7FF-E5622E3A2AE0}.Release|x64.Build.0 = LibRelease|x64
		{B1F44815-6546-43E6-A7FF-E5622E3A2AE0}.Release|x86.ActiveCfg = Release|Win32
		{B1F44815-6546-43E6-A7FF-E5622E3A2AE0}.Release|x86.Build.0 = Release|Win32
		{B1F44815-6546-43E6-A7FF-E5622E3A2AE0}.RendererOnlyDebug|x64.ActiveCfg = Debug|x64
		{B1F44815-6546-43E6-A7FF-E5622E3A2AE0}.RendererOnlyDebug|x64.Build.0 = Debug|x64
		{B1F44815-6546-43E6-A7FF-E5622E3A2AE0}.RendererOnlyDebug|x64.Deploy.0 = Debug|x64
		{B1F44815-6546-43E6-A7FF-E5622E3A2AE0}.RendererOnlyDebug|x86.ActiveCfg = Debug|Win32
		{B1F44815-6546-43E6-A7FF-E5622E3A2AE0}.RendererOnlyDebug|x86.Build.0 = Debug|Win32
		{B1F44815-6546-43E6-A7FF-E5622E3A2AE0}.RendererOnlyRelease|x64.ActiveCfg = Release|x64
		{B1F44815-6546-43E6-A7FF-E5622E3A2AE0}.RendererOnlyRelease|x64.Build.0 = Release|x64
		{B1F44815-6546-43E6-A7FF-E5622E3A2AE0}.RendererOnlyRelease|x86.ActiveCfg = Release|Win32
		{B1F44815-6546-43E6-A7FF-E5622E3A2AE0}.RendererOnlyRelease|x86.Build.0 = Release|Win32
		{08A7234D-5B6D-334E-9401-527E39FEF92E}.Debug|x64.ActiveCfg = Debug|x64
		{08A7234D-5B6D-334E-9401-527E39FEF92E}.Debug|x64.Build.0 = Debug|x64
		{08A7234D-5B6D-334E-9401-527E39FEF92E}.Debug|x86.ActiveCfg = Debug|x64
		{08A7234D-5B6D-334E-9401-527E39FEF92E}.Release|x64.ActiveCfg = Release|x64
		{08A7234D-5B6D-334E-9401-527E39FEF92E}.Release|x64.Build.0 = Release|x64
		{08A7234D-5B6D-334E-9401-527E39FEF92E}.Release|x86.ActiveCfg = Release|x64
		{08A7234D-5B6D-334E-9401-527E39FEF92E}.RendererOnlyDebug|x64.ActiveCfg = Debug|x64
		{08A7234D-5B6D-334E-9401-527E39FEF92E}.RendererOnlyDebug|x86.ActiveCfg = Release|x64
		{08A7234D-5B6D-334E-9401-527E39FEF92E}.RendererOnlyDebug|x86.Build.0 = Release|x64
		{08A7234D-5B6D-334E-9401-527E39FEF92E}.RendererOnlyRelease|x64.ActiveCfg = Release|x64
		{08A7234D-5B6D-334E-9401-527E39FEF92E}.RendererOnlyRelease|x86.ActiveCfg = Release|x64
		{08A7234D-5B6D-334E-9401-527E39FEF92E}.RendererOnlyRelease|x86.Build.0 = Release|x64
	EndGlobalSection
	GlobalSection(SolutionProperties) = preSolution
		HideSolutionNode = FALSE
	EndGlobalSection
	GlobalSection(ExtensibilityGlobals) = postSolution
		SolutionGuid = {F832CAD1-2170-4CCF-A4B3-1B9C9E64FAC0}
	EndGlobalSection
EndGlobal
